
Microsoft Visual Studio Solution File, Format Version 12.00
# Visual Studio Version 16
VisualStudioVersion = 16.0.32510.428
MinimumVisualStudioVersion = 10.0.40219.1
Project("{FAE04EC0-301F-11D3-BF4B-00C04F79EFBC}") = "eTikects", "eTikects\eTikects.csproj", "{E79DD34D-393A-432C-A156-CDB82AE9A3CD}"
EndProject
Global
	GlobalSection(SolutionConfigurationPlatforms) = preSolution
		Debug|Any CPU = Debug|Any CPU
		Release|Any CPU = Release|Any CPU
	EndGlobalSection
	GlobalSection(ProjectConfigurationPlatforms) = postSolution
		{E79DD34D-393A-432C-A156-CDB82AE9A3CD}.Debug|Any CPU.ActiveCfg = Debug|Any CPU
		{E79DD34D-393A-432C-A156-CDB82AE9A3CD}.Debug|Any CPU.Build.0 = Debug|Any CPU
		{E79DD34D-393A-432C-A156-CDB82AE9A3CD}.Release|Any CPU.ActiveCfg = Release|Any CPU
		{E79DD34D-393A-432C-A156-CDB82AE9A3CD}.Release|Any CPU.Build.0 = Release|Any CPU
	EndGlobalSection
	GlobalSection(SolutionProperties) = preSolution
		HideSolutionNode = FALSE
	EndGlobalSection
	GlobalSection(ExtensibilityGlobals) = postSolution
		SolutionGuid = {88AFEB58-E8D1-495D-B362-6523D09227E6}
	EndGlobalSection
EndGlobal
